
Microsoft Visual Studio Solution File, Format Version 12.00
# Visual Studio Version 17
VisualStudioVersion = 17.4.33403.182
MinimumVisualStudioVersion = 10.0.40219.1
Project("{9A19103F-16F7-4668-BE54-9A1E7A4F7556}") = "TatBlog.Core", "TatBlog.Core\TatBlog.Core.csproj", "{027B1953-D6CA-4F88-B92C-0183F94EDC2F}"
EndProject
Project("{9A19103F-16F7-4668-BE54-9A1E7A4F7556}") = "TatBlog.Data", "TatBlog.Data\TatBlog.Data.csproj", "{FEB6BFD2-C4EC-4DDA-9DF2-181010BBC0F7}"
EndProject
Project("{9A19103F-16F7-4668-BE54-9A1E7A4F7556}") = "TatBlog.Services", "TatBlog.Services\TatBlog.Services.csproj", "{DE262DBA-2982-43E5-815C-32D1E1D4FE24}"
EndProject
Project("{9A19103F-16F7-4668-BE54-9A1E7A4F7556}") = "TatBlog.WinApp", "TatBlog.WinApp\TatBlog.WinApp.csproj", "{B0BFAC06-E7BD-4571-A4A3-68BE8BD6E7B7}"
EndProject
Global
	GlobalSection(SolutionConfigurationPlatforms) = preSolution
		Debug|Any CPU = Debug|Any CPU
		Release|Any CPU = Release|Any CPU
	EndGlobalSection
	GlobalSection(ProjectConfigurationPlatforms) = postSolution
		{027B1953-D6CA-4F88-B92C-0183F94EDC2F}.Debug|Any CPU.ActiveCfg = Debug|Any CPU
		{027B1953-D6CA-4F88-B92C-0183F94EDC2F}.Debug|Any CPU.Build.0 = Debug|Any CPU
		{027B1953-D6CA-4F88-B92C-0183F94EDC2F}.Release|Any CPU.ActiveCfg = Release|Any CPU
		{027B1953-D6CA-4F88-B92C-0183F94EDC2F}.Release|Any CPU.Build.0 = Release|Any CPU
		{FEB6BFD2-C4EC-4DDA-9DF2-181010BBC0F7}.Debug|Any CPU.ActiveCfg = Debug|Any CPU
		{FEB6BFD2-C4EC-4DDA-9DF2-181010BBC0F7}.Debug|Any CPU.Build.0 = Debug|Any CPU
		{FEB6BFD2-C4EC-4DDA-9DF2-181010BBC0F7}.Release|Any CPU.ActiveCfg = Release|Any CPU
		{FEB6BFD2-C4EC-4DDA-9DF2-181010BBC0F7}.Release|Any CPU.Build.0 = Release|Any CPU
		{DE262DBA-2982-43E5-815C-32D1E1D4FE24}.Debug|Any CPU.ActiveCfg = Debug|Any CPU
		{DE262DBA-2982-43E5-815C-32D1E1D4FE24}.Debug|Any CPU.Build.0 = Debug|Any CPU
		{DE262DBA-2982-43E5-815C-32D1E1D4FE24}.Release|Any CPU.ActiveCfg = Release|Any CPU
		{DE262DBA-2982-43E5-815C-32D1E1D4FE24}.Release|Any CPU.Build.0 = Release|Any CPU
		{B0BFAC06-E7BD-4571-A4A3-68BE8BD6E7B7}.Debug|Any CPU.ActiveCfg = Debug|Any CPU
		{B0BFAC06-E7BD-4571-A4A3-68BE8BD6E7B7}.Debug|Any CPU.Build.0 = Debug|Any CPU
		{B0BFAC06-E7BD-4571-A4A3-68BE8BD6E7B7}.Release|Any CPU.ActiveCfg = Release|Any CPU
		{B0BFAC06-E7BD-4571-A4A3-68BE8BD6E7B7}.Release|Any CPU.Build.0 = Release|Any CPU
	EndGlobalSection
	GlobalSection(SolutionProperties) = preSolution
		HideSolutionNode = FALSE
	EndGlobalSection
	GlobalSection(ExtensibilityGlobals) = postSolution
		SolutionGuid = {2BABB860-12AF-4508-9949-068B7F137EC2}
	EndGlobalSection
EndGlobal
